
Microsoft Visual Studio Solution File, Format Version 12.00
# Visual Studio 15
VisualStudioVersion = 15.0.26228.9
MinimumVisualStudioVersion = 10.0.40219.1
Project("{9A19103F-16F7-4668-BE54-9A1E7A4F7556}") = "ChocoPacker.Burn", "src\ChocoPacker.Burn\ChocoPacker.Burn.csproj", "{DC23EF19-1ED5-4DDA-B73B-7B7B8C3B0D5C}"
EndProject
Project("{9A19103F-16F7-4668-BE54-9A1E7A4F7556}") = "ChocoPacker.SevenZip", "src\ChocoPacker.SevenZip\ChocoPacker.SevenZip.csproj", "{171C3825-CF91-439E-B493-CEC24AE77788}"
EndProject
Project("{9A19103F-16F7-4668-BE54-9A1E7A4F7556}") = "ChocoPacker.Common", "src\ChocoPacker.Common\ChocoPacker.Common.csproj", "{892996A6-74AB-4103-AC7C-8309205C7921}"
EndProject
Project("{9A19103F-16F7-4668-BE54-9A1E7A4F7556}") = "ChocoPacker.Loader", "src\ChocoPacker.Loader\ChocoPacker.Loader.csproj", "{982D567F-74A8-49D2-BC0D-417B516278EA}"
EndProject
Project("{9A19103F-16F7-4668-BE54-9A1E7A4F7556}") = "ChocoPacker.MSI.Windows", "src\ChocoPacker.MSI.Windows\ChocoPacker.MSI.Windows.csproj", "{B32FAEA8-8EA2-4397-84A6-0B69647A0B0F}"
EndProject
Project("{2150E333-8FDC-42A3-9474-1A3956D46DE8}") = "Tests", "Tests", "{4AA663EB-FB21-407E-9A2D-B50DEC9116A4}"
EndProject
Project("{9A19103F-16F7-4668-BE54-9A1E7A4F7556}") = "ChocoPacker.Burn.Tests", "tests\ChocoPacker.Burn.Tests\ChocoPacker.Burn.Tests.csproj", "{CB3D9A68-04F3-4CAF-873F-6DAA3592AB08}"
EndProject
Project("{9A19103F-16F7-4668-BE54-9A1E7A4F7556}") = "ChocoPacker.Loader.Tests", "tests\ChocoPacker.Loader.Tests\ChocoPacker.Loader.Tests.csproj", "{AF375B54-8466-46CD-A505-6578DD75AF61}"
EndProject
Project("{9A19103F-16F7-4668-BE54-9A1E7A4F7556}") = "ChocoPacker.MSI.Windows.Tests", "tests\ChocoPacker.MSI.Windows.Tests\ChocoPacker.MSI.Windows.Tests.csproj", "{C690845C-D59D-4771-AAE9-F20983066FF1}"
EndProject
Project("{9A19103F-16F7-4668-BE54-9A1E7A4F7556}") = "ChocoPacker.SevenZip.Tests", "tests\ChocoPacker.SevenZip.Tests\ChocoPacker.SevenZip.Tests.csproj", "{1B371CBF-1AEF-4800-91C4-4FDDDB146C60}"
EndProject
Global
	GlobalSection(SolutionConfigurationPlatforms) = preSolution
		Debug|Any CPU = Debug|Any CPU
		Release|Any CPU = Release|Any CPU
	EndGlobalSection
	GlobalSection(ProjectConfigurationPlatforms) = postSolution
		{DC23EF19-1ED5-4DDA-B73B-7B7B8C3B0D5C}.Debug|Any CPU.ActiveCfg = Debug|Any CPU
		{DC23EF19-1ED5-4DDA-B73B-7B7B8C3B0D5C}.Debug|Any CPU.Build.0 = Debug|Any CPU
		{DC23EF19-1ED5-4DDA-B73B-7B7B8C3B0D5C}.Release|Any CPU.ActiveCfg = Release|Any CPU
		{DC23EF19-1ED5-4DDA-B73B-7B7B8C3B0D5C}.Release|Any CPU.Build.0 = Release|Any CPU
		{171C3825-CF91-439E-B493-CEC24AE77788}.Debug|Any CPU.ActiveCfg = Debug|Any CPU
		{171C3825-CF91-439E-B493-CEC24AE77788}.Debug|Any CPU.Build.0 = Debug|Any CPU
		{171C3825-CF91-439E-B493-CEC24AE77788}.Release|Any CPU.ActiveCfg = Release|Any CPU
		{171C3825-CF91-439E-B493-CEC24AE77788}.Release|Any CPU.Build.0 = Release|Any CPU
		{892996A6-74AB-4103-AC7C-8309205C7921}.Debug|Any CPU.ActiveCfg = Debug|Any CPU
		{892996A6-74AB-4103-AC7C-8309205C7921}.Debug|Any CPU.Build.0 = Debug|Any CPU
		{892996A6-74AB-4103-AC7C-8309205C7921}.Release|Any CPU.ActiveCfg = Release|Any CPU
		{892996A6-74AB-4103-AC7C-8309205C7921}.Release|Any CPU.Build.0 = Release|Any CPU
		{982D567F-74A8-49D2-BC0D-417B516278EA}.Debug|Any CPU.ActiveCfg = Debug|Any CPU
		{982D567F-74A8-49D2-BC0D-417B516278EA}.Debug|Any CPU.Build.0 = Debug|Any CPU
		{982D567F-74A8-49D2-BC0D-417B516278EA}.Release|Any CPU.ActiveCfg = Release|Any CPU
		{982D567F-74A8-49D2-BC0D-417B516278EA}.Release|Any CPU.Build.0 = Release|Any CPU
		{B32FAEA8-8EA2-4397-84A6-0B69647A0B0F}.Debug|Any CPU.ActiveCfg = Debug|Any CPU
		{B32FAEA8-8EA2-4397-84A6-0B69647A0B0F}.Debug|Any CPU.Build.0 = Debug|Any CPU
		{B32FAEA8-8EA2-4397-84A6-0B69647A0B0F}.Release|Any CPU.ActiveCfg = Release|Any CPU
		{B32FAEA8-8EA2-4397-84A6-0B69647A0B0F}.Release|Any CPU.Build.0 = Release|Any CPU
		{CB3D9A68-04F3-4CAF-873F-6DAA3592AB08}.Debug|Any CPU.ActiveCfg = Debug|Any CPU
		{CB3D9A68-04F3-4CAF-873F-6DAA3592AB08}.Debug|Any CPU.Build.0 = Debug|Any CPU
		{CB3D9A68-04F3-4CAF-873F-6DAA3592AB08}.Release|Any CPU.ActiveCfg = Release|Any CPU
		{CB3D9A68-04F3-4CAF-873F-6DAA3592AB08}.Release|Any CPU.Build.0 = Release|Any CPU
		{AF375B54-8466-46CD-A505-6578DD75AF61}.Debug|Any CPU.ActiveCfg = Debug|Any CPU
		{AF375B54-8466-46CD-A505-6578DD75AF61}.Debug|Any CPU.Build.0 = Debug|Any CPU
		{AF375B54-8466-46CD-A505-6578DD75AF61}.Release|Any CPU.ActiveCfg = Release|Any CPU
		{AF375B54-8466-46CD-A505-6578DD75AF61}.Release|Any CPU.Build.0 = Release|Any CPU
		{C690845C-D59D-4771-AAE9-F20983066FF1}.Debug|Any CPU.ActiveCfg = Debug|Any CPU
		{C690845C-D59D-4771-AAE9-F20983066FF1}.Debug|Any CPU.Build.0 = Debug|Any CPU
		{C690845C-D59D-4771-AAE9-F20983066FF1}.Release|Any CPU.ActiveCfg = Release|Any CPU
		{C690845C-D59D-4771-AAE9-F20983066FF1}.Release|Any CPU.Build.0 = Release|Any CPU
		{1B371CBF-1AEF-4800-91C4-4FDDDB146C60}.Debug|Any CPU.ActiveCfg = Debug|Any CPU
		{1B371CBF-1AEF-4800-91C4-4FDDDB146C60}.Debug|Any CPU.Build.0 = Debug|Any CPU
		{1B371CBF-1AEF-4800-91C4-4FDDDB146C60}.Release|Any CPU.ActiveCfg = Release|Any CPU
		{1B371CBF-1AEF-4800-91C4-4FDDDB146C60}.Release|Any CPU.Build.0 = Release|Any CPU
	EndGlobalSection
	GlobalSection(SolutionProperties) = preSolution
		HideSolutionNode = FALSE
	EndGlobalSection
	GlobalSection(NestedProjects) = preSolution
		{CB3D9A68-04F3-4CAF-873F-6DAA3592AB08} = {4AA663EB-FB21-407E-9A2D-B50DEC9116A4}
		{AF375B54-8466-46CD-A505-6578DD75AF61} = {4AA663EB-FB21-407E-9A2D-B50DEC9116A4}
		{C690845C-D59D-4771-AAE9-F20983066FF1} = {4AA663EB-FB21-407E-9A2D-B50DEC9116A4}
		{1B371CBF-1AEF-4800-91C4-4FDDDB146C60} = {4AA663EB-FB21-407E-9A2D-B50DEC9116A4}
	EndGlobalSection
EndGlobal
